
Microsoft Visual Studio Solution File, Format Version 12.00
# Visual Studio Version 17
VisualStudioVersion = 17.3.32922.545
MinimumVisualStudioVersion = 10.0.40219.1
Project("{FAE04EC0-301F-11D3-BF4B-00C04F79EFBC}") = "DevelopersApi", "DevelopersApi\DevelopersApi.csproj", "{83ADCE5D-388C-49A5-B3DC-A9E2912879D6}"
EndProject
Global
	GlobalSection(SolutionConfigurationPlatforms) = preSolution
		Debug|Any CPU = Debug|Any CPU
		Release|Any CPU = Release|Any CPU
	EndGlobalSection
	GlobalSection(ProjectConfigurationPlatforms) = postSolution
		{83ADCE5D-388C-49A5-B3DC-A9E2912879D6}.Debug|Any CPU.ActiveCfg = Debug|Any CPU
		{83ADCE5D-388C-49A5-B3DC-A9E2912879D6}.Debug|Any CPU.Build.0 = Debug|Any CPU
		{83ADCE5D-388C-49A5-B3DC-A9E2912879D6}.Release|Any CPU.ActiveCfg = Release|Any CPU
		{83ADCE5D-388C-49A5-B3DC-A9E2912879D6}.Release|Any CPU.Build.0 = Release|Any CPU
	EndGlobalSection
	GlobalSection(SolutionProperties) = preSolution
		HideSolutionNode = FALSE
	EndGlobalSection
	GlobalSection(ExtensibilityGlobals) = postSolution
		SolutionGuid = {9B452E8E-2076-45DB-A5D4-B9AA15EC25A5}
	EndGlobalSection
EndGlobal
